
Microsoft Visual Studio Solution File, Format Version 12.00
# Visual Studio Version 16
VisualStudioVersion = 16.0.34301.259
MinimumVisualStudioVersion = 10.0.40219.1
Project("{FAE04EC0-301F-11D3-BF4B-00C04F79EFBC}") = "Calculator", "Calculator\Calculator.csproj", "{92D93AE0-1326-49C6-87AA-0C768F1E7728}"
EndProject
Global
	GlobalSection(SolutionConfigurationPlatforms) = preSolution
		Debug|Any CPU = Debug|Any CPU
		Release|Any CPU = Release|Any CPU
	EndGlobalSection
	GlobalSection(ProjectConfigurationPlatforms) = postSolution
		{92D93AE0-1326-49C6-87AA-0C768F1E7728}.Debug|Any CPU.ActiveCfg = Debug|Any CPU
		{92D93AE0-1326-49C6-87AA-0C768F1E7728}.Debug|Any CPU.Build.0 = Debug|Any CPU
		{92D93AE0-1326-49C6-87AA-0C768F1E7728}.Release|Any CPU.ActiveCfg = Release|Any CPU
		{92D93AE0-1326-49C6-87AA-0C768F1E7728}.Release|Any CPU.Build.0 = Release|Any CPU
	EndGlobalSection
	GlobalSection(SolutionProperties) = preSolution
		HideSolutionNode = FALSE
	EndGlobalSection
	GlobalSection(ExtensibilityGlobals) = postSolution
		SolutionGuid = {27A832CA-ED34-442B-9533-9DF1C68B765A}
	EndGlobalSection
EndGlobal
